
Microsoft Visual Studio Solution File, Format Version 12.00
# Visual Studio 2012
Project("{FAE04EC0-301F-11D3-BF4B-00C04F79EFBC}") = "TurboTrainer", "TurboTrainer\TurboTrainer.csproj", "{B1B93890-881E-4FBE-A476-B65C8420D05C}"
EndProject
Project("{FAE04EC0-301F-11D3-BF4B-00C04F79EFBC}") = "TurboTrainer.Core", "TurboTrainer.Core\TurboTrainer.Core.csproj", "{440E5537-F4FF-4DC3-A0E5-A55E9EF2FF40}"
EndProject
Project("{FAE04EC0-301F-11D3-BF4B-00C04F79EFBC}") = "TurboTrainer.Tests", "TurboTrainer.Tests\TurboTrainer.Tests.csproj", "{E24AB837-E663-48B8-B712-F02C5772AC5A}"
EndProject
Global
	GlobalSection(SolutionConfigurationPlatforms) = preSolution
		Debug|Any CPU = Debug|Any CPU
		Release|Any CPU = Release|Any CPU
	EndGlobalSection
	GlobalSection(ProjectConfigurationPlatforms) = postSolution
		{B1B93890-881E-4FBE-A476-B65C8420D05C}.Debug|Any CPU.ActiveCfg = Debug|Any CPU
		{B1B93890-881E-4FBE-A476-B65C8420D05C}.Debug|Any CPU.Build.0 = Debug|Any CPU
		{B1B93890-881E-4FBE-A476-B65C8420D05C}.Release|Any CPU.ActiveCfg = Release|Any CPU
		{B1B93890-881E-4FBE-A476-B65C8420D05C}.Release|Any CPU.Build.0 = Release|Any CPU
		{440E5537-F4FF-4DC3-A0E5-A55E9EF2FF40}.Debug|Any CPU.ActiveCfg = Debug|Any CPU
		{440E5537-F4FF-4DC3-A0E5-A55E9EF2FF40}.Debug|Any CPU.Build.0 = Debug|Any CPU
		{440E5537-F4FF-4DC3-A0E5-A55E9EF2FF40}.Release|Any CPU.ActiveCfg = Release|Any CPU
		{440E5537-F4FF-4DC3-A0E5-A55E9EF2FF40}.Release|Any CPU.Build.0 = Release|Any CPU
		{E24AB837-E663-48B8-B712-F02C5772AC5A}.Debug|Any CPU.ActiveCfg = Debug|Any CPU
		{E24AB837-E663-48B8-B712-F02C5772AC5A}.Debug|Any CPU.Build.0 = Debug|Any CPU
		{E24AB837-E663-48B8-B712-F02C5772AC5A}.Release|Any CPU.ActiveCfg = Release|Any CPU
		{E24AB837-E663-48B8-B712-F02C5772AC5A}.Release|Any CPU.Build.0 = Release|Any CPU
	EndGlobalSection
	GlobalSection(SolutionProperties) = preSolution
		HideSolutionNode = FALSE
	EndGlobalSection
EndGlobal
